<Solution>
  <Project Path="OpcUaClientKit.Demo/OpcUaClientKit.Demo.csproj" />
  <Project Path="OpcUaClientKit.RegressionTests/OpcUaClientKit.RegressionTests.csproj" />
  <Project Path="OpcUaClientKit.UnitTests/OpcUaClientKit.UnitTests.csproj" />
  <Project Path="OpcUaClientKit.WinFormsDemo/OpcUaClientKit.WinFormsDemo.csproj" />
  <Project Path="OpcUaClientKit/OpcUaClientKit.csproj" />
</Solution>
